
Microsoft Visual Studio Solution File, Format Version 12.00
# Visual Studio Version 17
VisualStudioVersion = 17.13.35825.156
MinimumVisualStudioVersion = 10.0.40219.1
Project("{FAE04EC0-301F-11D3-BF4B-00C04F79EFBC}") = "AuthyDecryptor.Model", "AuthyDecryptor.Model\AuthyDecryptor.Model.csproj", "{4744FF13-2C6E-45BA-9279-748EABEBDC08}"
EndProject
Project("{FAE04EC0-301F-11D3-BF4B-00C04F79EFBC}") = "AuthyDecryptor", "AuthyDecryptor\AuthyDecryptor.csproj", "{545D2630-017D-4918-9864-2A2E35EC10B4}"
EndProject
Project("{FAE04EC0-301F-11D3-BF4B-00C04F79EFBC}") = "AuthyDecryptor.CLI", "AuthyDecryptor.CLI\AuthyDecryptor.CLI.csproj", "{E7AECF77-2F3E-43B7-8544-628C0F83297B}"
EndProject
Project("{FAE04EC0-301F-11D3-BF4B-00C04F79EFBC}") = "AuthyDecryptor.UI", "AuthyDecryptor.UI\AuthyDecryptor.UI.csproj", "{FD8350C3-9FB3-4357-A6FC-89FE81F00A81}"
EndProject
Project("{B7DD6F7E-DEF8-4E67-B5B7-07EF123DB6F0}") = "AuthyDecryptor.Setup", "AuthyDecryptor.Setup\AuthyDecryptor.Setup.wixproj", "{C9A2BDB8-31B5-4E61-BFE3-A7AA9E992E2F}"
EndProject
Global
	GlobalSection(SolutionConfigurationPlatforms) = preSolution
		Debug|Any CPU = Debug|Any CPU
		Debug|ARM64 = Debug|ARM64
		Debug|x64 = Debug|x64
		Debug|x86 = Debug|x86
		Release|Any CPU = Release|Any CPU
		Release|ARM64 = Release|ARM64
		Release|x64 = Release|x64
		Release|x86 = Release|x86
	EndGlobalSection
	GlobalSection(ProjectConfigurationPlatforms) = postSolution
		{4744FF13-2C6E-45BA-9279-748EABEBDC08}.Debug|Any CPU.ActiveCfg = Debug|Any CPU
		{4744FF13-2C6E-45BA-9279-748EABEBDC08}.Debug|Any CPU.Build.0 = Debug|Any CPU
		{4744FF13-2C6E-45BA-9279-748EABEBDC08}.Debug|ARM64.ActiveCfg = Debug|Any CPU
		{4744FF13-2C6E-45BA-9279-748EABEBDC08}.Debug|ARM64.Build.0 = Debug|Any CPU
		{4744FF13-2C6E-45BA-9279-748EABEBDC08}.Debug|x64.ActiveCfg = Debug|Any CPU
		{4744FF13-2C6E-45BA-9279-748EABEBDC08}.Debug|x64.Build.0 = Debug|Any CPU
		{4744FF13-2C6E-45BA-9279-748EABEBDC08}.Debug|x86.ActiveCfg = Debug|Any CPU
		{4744FF13-2C6E-45BA-9279-748EABEBDC08}.Debug|x86.Build.0 = Debug|Any CPU
		{4744FF13-2C6E-45BA-9279-748EABEBDC08}.Release|Any CPU.ActiveCfg = Release|Any CPU
		{4744FF13-2C6E-45BA-9279-748EABEBDC08}.Release|Any CPU.Build.0 = Release|Any CPU
		{4744FF13-2C6E-45BA-9279-748EABEBDC08}.Release|ARM64.ActiveCfg = Release|Any CPU
		{4744FF13-2C6E-45BA-9279-748EABEBDC08}.Release|ARM64.Build.0 = Release|Any CPU
		{4744FF13-2C6E-45BA-9279-748EABEBDC08}.Release|x64.ActiveCfg = Release|Any CPU
		{4744FF13-2C6E-45BA-9279-748EABEBDC08}.Release|x64.Build.0 = Release|Any CPU
		{4744FF13-2C6E-45BA-9279-748EABEBDC08}.Release|x86.ActiveCfg = Release|Any CPU
		{4744FF13-2C6E-45BA-9279-748EABEBDC08}.Release|x86.Build.0 = Release|Any CPU
		{545D2630-017D-4918-9864-2A2E35EC10B4}.Debug|Any CPU.ActiveCfg = Debug|Any CPU
		{545D2630-017D-4918-9864-2A2E35EC10B4}.Debug|Any CPU.Build.0 = Debug|Any CPU
		{545D2630-017D-4918-9864-2A2E35EC10B4}.Debug|ARM64.ActiveCfg = Debug|Any CPU
		{545D2630-017D-4918-9864-2A2E35EC10B4}.Debug|ARM64.Build.0 = Debug|Any CPU
		{545D2630-017D-4918-9864-2A2E35EC10B4}.Debug|x64.ActiveCfg = Debug|Any CPU
		{545D2630-017D-4918-9864-2A2E35EC10B4}.Debug|x64.Build.0 = Debug|Any CPU
		{545D2630-017D-4918-9864-2A2E35EC10B4}.Debug|x86.ActiveCfg = Debug|Any CPU
		{545D2630-017D-4918-9864-2A2E35EC10B4}.Debug|x86.Build.0 = Debug|Any CPU
		{545D2630-017D-4918-9864-2A2E35EC10B4}.Release|Any CPU.ActiveCfg = Release|Any CPU
		{545D2630-017D-4918-9864-2A2E35EC10B4}.Release|Any CPU.Build.0 = Release|Any CPU
		{545D2630-017D-4918-9864-2A2E35EC10B4}.Release|ARM64.ActiveCfg = Release|Any CPU
		{545D2630-017D-4918-9864-2A2E35EC10B4}.Release|ARM64.Build.0 = Release|Any CPU
		{545D2630-017D-4918-9864-2A2E35EC10B4}.Release|x64.ActiveCfg = Release|Any CPU
		{545D2630-017D-4918-9864-2A2E35EC10B4}.Release|x64.Build.0 = Release|Any CPU
		{545D2630-017D-4918-9864-2A2E35EC10B4}.Release|x86.ActiveCfg = Release|Any CPU
		{545D2630-017D-4918-9864-2A2E35EC10B4}.Release|x86.Build.0 = Release|Any CPU
		{E7AECF77-2F3E-43B7-8544-628C0F83297B}.Debug|Any CPU.ActiveCfg = Debug|Any CPU
		{E7AECF77-2F3E-43B7-8544-628C0F83297B}.Debug|Any CPU.Build.0 = Debug|Any CPU
		{E7AECF77-2F3E-43B7-8544-628C0F83297B}.Debug|ARM64.ActiveCfg = Debug|Any CPU
		{E7AECF77-2F3E-43B7-8544-628C0F83297B}.Debug|ARM64.Build.0 = Debug|Any CPU
		{E7AECF77-2F3E-43B7-8544-628C0F83297B}.Debug|x64.ActiveCfg = Debug|Any CPU
		{E7AECF77-2F3E-43B7-8544-628C0F83297B}.Debug|x64.Build.0 = Debug|Any CPU
		{E7AECF77-2F3E-43B7-8544-628C0F83297B}.Debug|x86.ActiveCfg = Debug|Any CPU
		{E7AECF77-2F3E-43B7-8544-628C0F83297B}.Debug|x86.Build.0 = Debug|Any CPU
		{E7AECF77-2F3E-43B7-8544-628C0F83297B}.Release|Any CPU.ActiveCfg = Release|Any CPU
		{E7AECF77-2F3E-43B7-8544-628C0F83297B}.Release|Any CPU.Build.0 = Release|Any CPU
		{E7AECF77-2F3E-43B7-8544-628C0F83297B}.Release|ARM64.ActiveCfg = Release|Any CPU
		{E7AECF77-2F3E-43B7-8544-628C0F83297B}.Release|ARM64.Build.0 = Release|Any CPU
		{E7AECF77-2F3E-43B7-8544-628C0F83297B}.Release|x64.ActiveCfg = Release|Any CPU
		{E7AECF77-2F3E-43B7-8544-628C0F83297B}.Release|x64.Build.0 = Release|Any CPU
		{E7AECF77-2F3E-43B7-8544-628C0F83297B}.Release|x86.ActiveCfg = Release|Any CPU
		{E7AECF77-2F3E-43B7-8544-628C0F83297B}.Release|x86.Build.0 = Release|Any CPU
		{FD8350C3-9FB3-4357-A6FC-89FE81F00A81}.Debug|Any CPU.ActiveCfg = Debug|Any CPU
		{FD8350C3-9FB3-4357-A6FC-89FE81F00A81}.Debug|Any CPU.Build.0 = Debug|Any CPU
		{FD8350C3-9FB3-4357-A6FC-89FE81F00A81}.Debug|ARM64.ActiveCfg = Debug|Any CPU
		{FD8350C3-9FB3-4357-A6FC-89FE81F00A81}.Debug|ARM64.Build.0 = Debug|Any CPU
		{FD8350C3-9FB3-4357-A6FC-89FE81F00A81}.Debug|x64.ActiveCfg = Debug|Any CPU
		{FD8350C3-9FB3-4357-A6FC-89FE81F00A81}.Debug|x64.Build.0 = Debug|Any CPU
		{FD8350C3-9FB3-4357-A6FC-89FE81F00A81}.Debug|x86.ActiveCfg = Debug|Any CPU
		{FD8350C3-9FB3-4357-A6FC-89FE81F00A81}.Debug|x86.Build.0 = Debug|Any CPU
		{FD8350C3-9FB3-4357-A6FC-89FE81F00A81}.Release|Any CPU.ActiveCfg = Release|Any CPU
		{FD8350C3-9FB3-4357-A6FC-89FE81F00A81}.Release|Any CPU.Build.0 = Release|Any CPU
		{FD8350C3-9FB3-4357-A6FC-89FE81F00A81}.Release|ARM64.ActiveCfg = Release|Any CPU
		{FD8350C3-9FB3-4357-A6FC-89FE81F00A81}.Release|ARM64.Build.0 = Release|Any CPU
		{FD8350C3-9FB3-4357-A6FC-89FE81F00A81}.Release|x64.ActiveCfg = Release|Any CPU
		{FD8350C3-9FB3-4357-A6FC-89FE81F00A81}.Release|x64.Build.0 = Release|Any CPU
		{FD8350C3-9FB3-4357-A6FC-89FE81F00A81}.Release|x86.ActiveCfg = Release|Any CPU
		{FD8350C3-9FB3-4357-A6FC-89FE81F00A81}.Release|x86.Build.0 = Release|Any CPU
		{C9A2BDB8-31B5-4E61-BFE3-A7AA9E992E2F}.Debug|Any CPU.ActiveCfg = Debug|x64
		{C9A2BDB8-31B5-4E61-BFE3-A7AA9E992E2F}.Debug|Any CPU.Build.0 = Debug|x64
		{C9A2BDB8-31B5-4E61-BFE3-A7AA9E992E2F}.Debug|ARM64.ActiveCfg = Debug|ARM64
		{C9A2BDB8-31B5-4E61-BFE3-A7AA9E992E2F}.Debug|ARM64.Build.0 = Debug|ARM64
		{C9A2BDB8-31B5-4E61-BFE3-A7AA9E992E2F}.Debug|x64.ActiveCfg = Debug|x64
		{C9A2BDB8-31B5-4E61-BFE3-A7AA9E992E2F}.Debug|x64.Build.0 = Debug|x64
		{C9A2BDB8-31B5-4E61-BFE3-A7AA9E992E2F}.Debug|x86.ActiveCfg = Debug|x86
		{C9A2BDB8-31B5-4E61-BFE3-A7AA9E992E2F}.Debug|x86.Build.0 = Debug|x86
		{C9A2BDB8-31B5-4E61-BFE3-A7AA9E992E2F}.Release|Any CPU.ActiveCfg = Release|x64
		{C9A2BDB8-31B5-4E61-BFE3-A7AA9E992E2F}.Release|Any CPU.Build.0 = Release|x64
		{C9A2BDB8-31B5-4E61-BFE3-A7AA9E992E2F}.Release|ARM64.ActiveCfg = Release|ARM64
		{C9A2BDB8-31B5-4E61-BFE3-A7AA9E992E2F}.Release|ARM64.Build.0 = Release|ARM64
		{C9A2BDB8-31B5-4E61-BFE3-A7AA9E992E2F}.Release|x64.ActiveCfg = Release|x64
		{C9A2BDB8-31B5-4E61-BFE3-A7AA9E992E2F}.Release|x64.Build.0 = Release|x64
		{C9A2BDB8-31B5-4E61-BFE3-A7AA9E992E2F}.Release|x86.ActiveCfg = Release|x86
		{C9A2BDB8-31B5-4E61-BFE3-A7AA9E992E2F}.Release|x86.Build.0 = Release|x86
	EndGlobalSection
	GlobalSection(SolutionProperties) = preSolution
		HideSolutionNode = FALSE
	EndGlobalSection
	GlobalSection(ExtensibilityGlobals) = postSolution
		SolutionGuid = {6593F26C-C977-4594-ABC7-C4ABE36C9BDD}
	EndGlobalSection
EndGlobal
